
Microsoft Visual Studio Solution File, Format Version 12.00
# Visual Studio Version 17
VisualStudioVersion = 17.0.32112.339
MinimumVisualStudioVersion = 10.0.40219.1
Project("{FAE04EC0-301F-11D3-BF4B-00C04F79EFBC}") = "slv_authApp", "slv_authApp\slv_authApp.csproj", "{BE72E264-EBD5-401C-BFF8-C1D5453713B5}"
EndProject
Global
	GlobalSection(SolutionConfigurationPlatforms) = preSolution
		Debug|Any CPU = Debug|Any CPU
		Release|Any CPU = Release|Any CPU
	EndGlobalSection
	GlobalSection(ProjectConfigurationPlatforms) = postSolution
		{BE72E264-EBD5-401C-BFF8-C1D5453713B5}.Debug|Any CPU.ActiveCfg = Debug|Any CPU
		{BE72E264-EBD5-401C-BFF8-C1D5453713B5}.Debug|Any CPU.Build.0 = Debug|Any CPU
		{BE72E264-EBD5-401C-BFF8-C1D5453713B5}.Release|Any CPU.ActiveCfg = Release|Any CPU
		{BE72E264-EBD5-401C-BFF8-C1D5453713B5}.Release|Any CPU.Build.0 = Release|Any CPU
	EndGlobalSection
	GlobalSection(SolutionProperties) = preSolution
		HideSolutionNode = FALSE
	EndGlobalSection
	GlobalSection(ExtensibilityGlobals) = postSolution
		SolutionGuid = {EB3A6EC3-BBE2-4D5F-9388-FC14ED327874}
	EndGlobalSection
EndGlobal
